{
  "name": "create-vucv-app",
  "version": "1.0.3",
  "lockfileVersion": 1,
  "requires": true,
  "dependencies": {
    "commander": {
      "version": "5.1.0",
      "resolved": "https://registry.npmjs.org/commander/-/commander-5.1.0.tgz",
      "integrity": "sha512-P0CysNDQ7rtVw4QIQtm+MRxV66vKFSvlsQvGYXZWR3qFU0jlMKHZZZgw8e+8DSah4UDKMqnknRDQz+xuQXQ/Zg=="
    },
    "vucv-generate-new": {
      "version": "file:../vucv-generate-new",
      "requires": {
        "@sentry/node": "^5.18.0",
        "chalk": "^4.1.0",
        "fs-extra": "^9.0.1",
        "lodash": "^4.17.15"
      },
      "dependencies": {
        "@sentry/apm": {
          "version": "5.18.0",
          "resolved": "https://registry.npmjs.org/@sentry/apm/-/apm-5.18.0.tgz",
          "integrity": "sha512-KGxpfAwSIXlHnGBR1OSj4haAuk6xNV8b1gx2q6ZR3r3u3xLcoUlgASEDAFM82fFDJxZxu/ygf8mmuJNKos2EZg==",
          "requires": {
            "@sentry/browser": "5.18.0",
            "@sentry/hub": "5.18.0",
            "@sentry/minimal": "5.18.0",
            "@sentry/types": "5.18.0",
            "@sentry/utils": "5.18.0",
            "tslib": "^1.9.3"
          }
        },
        "@sentry/browser": {
          "version": "5.18.0",
          "resolved": "https://registry.npmjs.org/@sentry/browser/-/browser-5.18.0.tgz",
          "integrity": "sha512-YJTytTFyE68KyTiQZ+mMPFOU4EzWQwjk4k6DtBCFnJeX74iIAoM1o2uBHMIf9RnY+gmcykblC+nhkkRIXB6Zmg==",
          "requires": {
            "@sentry/core": "5.18.0",
            "@sentry/types": "5.18.0",
            "@sentry/utils": "5.18.0",
            "tslib": "^1.9.3"
          }
        },
        "@sentry/core": {
          "version": "5.18.0",
          "resolved": "https://registry.npmjs.org/@sentry/core/-/core-5.18.0.tgz",
          "integrity": "sha512-juZqflnuyjziMWX+JUIUa0ouXQn/Mfjcw3RvvOknKCWVvDZVaEeO/YPByYPO+SGYnzBhwZOzJC+vW6UZVi2b6w==",
          "requires": {
            "@sentry/hub": "5.18.0",
            "@sentry/minimal": "5.18.0",
            "@sentry/types": "5.18.0",
            "@sentry/utils": "5.18.0",
            "tslib": "^1.9.3"
          }
        },
        "@sentry/hub": {
          "version": "5.18.0",
          "resolved": "https://registry.npmjs.org/@sentry/hub/-/hub-5.18.0.tgz",
          "integrity": "sha512-z/ES63weTUJxezqWPxkLc+XuTkPsMcaaGc/d5MYNbsalVfMSR3K6bOOTv6Gow5bbrqYpRoPr+4+On8wPShdw+A==",
          "requires": {
            "@sentry/types": "5.18.0",
            "@sentry/utils": "5.18.0",
            "tslib": "^1.9.3"
          }
        },
        "@sentry/minimal": {
          "version": "5.18.0",
          "resolved": "https://registry.npmjs.org/@sentry/minimal/-/minimal-5.18.0.tgz",
          "integrity": "sha512-mNiqVD8yvQY1Xu205dMjiXJ4DX67XVYMZkX1JRBP0wc5nnreQVeptlFiZeJ44UGTBEFpaXVATodK6jDRvgDI9A==",
          "requires": {
            "@sentry/hub": "5.18.0",
            "@sentry/types": "5.18.0",
            "tslib": "^1.9.3"
          }
        },
        "@sentry/node": {
          "version": "5.18.0",
          "resolved": "https://registry.npmjs.org/@sentry/node/-/node-5.18.0.tgz",
          "integrity": "sha512-dDwnTaXO9ZP9IwjKSxFbpVucszaNLzqk++J+RhAhYsfO+KdIoMk3CyQ1aLfQRAkD9W/JipLlkRzzSOSzS6HQLA==",
          "requires": {
            "@sentry/apm": "5.18.0",
            "@sentry/core": "5.18.0",
            "@sentry/hub": "5.18.0",
            "@sentry/types": "5.18.0",
            "@sentry/utils": "5.18.0",
            "cookie": "^0.3.1",
            "https-proxy-agent": "^4.0.0",
            "lru_map": "^0.3.3",
            "tslib": "^1.9.3"
          }
        },
        "@sentry/types": {
          "version": "5.18.0",
          "resolved": "https://registry.npmjs.org/@sentry/types/-/types-5.18.0.tgz",
          "integrity": "sha512-5zqgN9qkbDqjyFxeiP7g55zAugRXPzmAwaz+WXCv0EJfb8aVf5iiD7SfgO++pwS8BPH3EH9d4zHWAKI8mM6ZcQ=="
        },
        "@sentry/utils": {
          "version": "5.18.0",
          "resolved": "https://registry.npmjs.org/@sentry/utils/-/utils-5.18.0.tgz",
          "integrity": "sha512-HN12MMg41ug/mH/QftHH2DbuzWE7GZts1AoStGjCzn0deDXGv7KnKMr1fasVxGRwS64+aTWMYQCMWyNWPsoqjg==",
          "requires": {
            "@sentry/types": "5.18.0",
            "tslib": "^1.9.3"
          }
        },
        "@types/color-name": {
          "version": "1.1.1",
          "resolved": "https://registry.npmjs.org/@types/color-name/-/color-name-1.1.1.tgz",
          "integrity": "sha512-rr+OQyAjxze7GgWrSaJwydHStIhHq2lvY3BOC2Mj7KnzI7XK0Uw1TOOdI9lDoajEbSWLiYgoo4f1R51erQfhPQ=="
        },
        "agent-base": {
          "version": "5.1.1",
          "resolved": "https://registry.npmjs.org/agent-base/-/agent-base-5.1.1.tgz",
          "integrity": "sha512-TMeqbNl2fMW0nMjTEPOwe3J/PRFP4vqeoNuQMG0HlMrtm5QxKqdvAkZ1pRBQ/ulIyDD5Yq0nJ7YbdD8ey0TO3g=="
        },
        "ansi-styles": {
          "version": "4.2.1",
          "resolved": "https://registry.npmjs.org/ansi-styles/-/ansi-styles-4.2.1.tgz",
          "integrity": "sha512-9VGjrMsG1vePxcSweQsN20KY/c4zN0h9fLjqAbwbPfahM3t+NL+M9HC8xeXG2I8pX5NoamTGNuomEUFI7fcUjA==",
          "requires": {
            "@types/color-name": "^1.1.1",
            "color-convert": "^2.0.1"
          }
        },
        "at-least-node": {
          "version": "1.0.0",
          "resolved": "https://registry.npmjs.org/at-least-node/-/at-least-node-1.0.0.tgz",
          "integrity": "sha512-+q/t7Ekv1EDY2l6Gda6LLiX14rU9TV20Wa3ofeQmwPFZbOMo9DXrLbOjFaaclkXKWidIaopwAObQDqwWtGUjqg=="
        },
        "chalk": {
          "version": "4.1.0",
          "resolved": "https://registry.npmjs.org/chalk/-/chalk-4.1.0.tgz",
          "integrity": "sha512-qwx12AxXe2Q5xQ43Ac//I6v5aXTipYrSESdOgzrN+9XjgEpyjpKuvSGaN4qE93f7TQTlerQQ8S+EQ0EyDoVL1A==",
          "requires": {
            "ansi-styles": "^4.1.0",
            "supports-color": "^7.1.0"
          }
        },
        "color-convert": {
          "version": "2.0.1",
          "resolved": "https://registry.npmjs.org/color-convert/-/color-convert-2.0.1.tgz",
          "integrity": "sha512-RRECPsj7iu/xb5oKYcsFHSppFNnsj/52OVTRKb4zP5onXwVF3zVmmToNcOfGC+CRDpfK/U584fMg38ZHCaElKQ==",
          "requires": {
            "color-name": "~1.1.4"
          }
        },
        "color-name": {
          "version": "1.1.4",
          "resolved": "https://registry.npmjs.org/color-name/-/color-name-1.1.4.tgz",
          "integrity": "sha512-dOy+3AuW3a2wNbZHIuMZpTcgjGuLU/uBL/ubcZF9OXbDo8ff4O8yVp5Bf0efS8uEoYo5q4Fx7dY9OgQGXgAsQA=="
        },
        "cookie": {
          "version": "0.3.1",
          "resolved": "https://registry.npmjs.org/cookie/-/cookie-0.3.1.tgz",
          "integrity": "sha1-5+Ch+e9DtMi6klxcWpboBtFoc7s="
        },
        "debug": {
          "version": "4.1.1",
          "resolved": "https://registry.npmjs.org/debug/-/debug-4.1.1.tgz",
          "integrity": "sha512-pYAIzeRo8J6KPEaJ0VWOh5Pzkbw/RetuzehGM7QRRX5he4fPHx2rdKMB256ehJCkX+XRQm16eZLqLNS8RSZXZw==",
          "requires": {
            "ms": "^2.1.1"
          }
        },
        "fs-extra": {
          "version": "9.0.1",
          "resolved": "https://registry.npmjs.org/fs-extra/-/fs-extra-9.0.1.tgz",
          "integrity": "sha512-h2iAoN838FqAFJY2/qVpzFXy+EBxfVE220PalAqQLDVsFOHLJrZvut5puAbCdNv6WJk+B8ihI+k0c7JK5erwqQ==",
          "requires": {
            "at-least-node": "^1.0.0",
            "graceful-fs": "^4.2.0",
            "jsonfile": "^6.0.1",
            "universalify": "^1.0.0"
          }
        },
        "graceful-fs": {
          "version": "4.2.4",
          "resolved": "https://registry.npmjs.org/graceful-fs/-/graceful-fs-4.2.4.tgz",
          "integrity": "sha512-WjKPNJF79dtJAVniUlGGWHYGz2jWxT6VhN/4m1NdkbZ2nOsEF+cI1Edgql5zCRhs/VsQYRvrXctxktVXZUkixw=="
        },
        "has-flag": {
          "version": "4.0.0",
          "resolved": "https://registry.npmjs.org/has-flag/-/has-flag-4.0.0.tgz",
          "integrity": "sha512-EykJT/Q1KjTWctppgIAgfSO0tKVuZUjhgMr17kqTumMl6Afv3EISleU7qZUzoXDFTAHTDC4NOoG/ZxU3EvlMPQ=="
        },
        "https-proxy-agent": {
          "version": "4.0.0",
          "resolved": "https://registry.npmjs.org/https-proxy-agent/-/https-proxy-agent-4.0.0.tgz",
          "integrity": "sha512-zoDhWrkR3of1l9QAL8/scJZyLu8j/gBkcwcaQOZh7Gyh/+uJQzGVETdgT30akuwkpL8HTRfssqI3BZuV18teDg==",
          "requires": {
            "agent-base": "5",
            "debug": "4"
          }
        },
        "jsonfile": {
          "version": "6.0.1",
          "resolved": "https://registry.npmjs.org/jsonfile/-/jsonfile-6.0.1.tgz",
          "integrity": "sha512-jR2b5v7d2vIOust+w3wtFKZIfpC2pnRmFAhAC/BuweZFQR8qZzxH1OyrQ10HmdVYiXWkYUqPVsz91cG7EL2FBg==",
          "requires": {
            "graceful-fs": "^4.1.6",
            "universalify": "^1.0.0"
          }
        },
        "lodash": {
          "version": "4.17.15",
          "resolved": "https://registry.npmjs.org/lodash/-/lodash-4.17.15.tgz",
          "integrity": "sha512-8xOcRHvCjnocdS5cpwXQXVzmmh5e5+saE2QGoeQmbKmRS6J3VQppPOIt0MnmE+4xlZoumy0GPG0D0MVIQbNA1A=="
        },
        "lru_map": {
          "version": "0.3.3",
          "resolved": "https://registry.npmjs.org/lru_map/-/lru_map-0.3.3.tgz",
          "integrity": "sha1-tcg1G5Rky9dQM1p5ZQoOwOVhGN0="
        },
        "ms": {
          "version": "2.1.2",
          "resolved": "https://registry.npmjs.org/ms/-/ms-2.1.2.tgz",
          "integrity": "sha512-sGkPx+VjMtmA6MX27oA4FBFELFCZZ4S4XqeGOXCv68tT+jb3vk/RyaKWP0PTKyWtmLSM0b+adUTEvbs1PEaH2w=="
        },
        "supports-color": {
          "version": "7.1.0",
          "resolved": "https://registry.npmjs.org/supports-color/-/supports-color-7.1.0.tgz",
          "integrity": "sha512-oRSIpR8pxT1Wr2FquTNnGet79b3BWljqOuoW/h4oBhxJ/HUbX5nX6JSruTkvXDCFMwDPvsaTTbvMLKZWSy0R5g==",
          "requires": {
            "has-flag": "^4.0.0"
          }
        },
        "tslib": {
          "version": "1.13.0",
          "resolved": "https://registry.npmjs.org/tslib/-/tslib-1.13.0.tgz",
          "integrity": "sha512-i/6DQjL8Xf3be4K/E6Wgpekn5Qasl1usyw++dAA35Ue5orEn65VIxOA+YvNNl9HV3qv70T7CNwjODHZrLwvd1Q=="
        },
        "universalify": {
          "version": "1.0.0",
          "resolved": "https://registry.npmjs.org/universalify/-/universalify-1.0.0.tgz",
          "integrity": "sha512-rb6X1W158d7pRQBg5gkR8uPaSfiids68LTJQYOtEUhoJUWBdaQHsuT/EUduxXYxcrt4r5PJ4fuHW1MHT6p0qug=="
        }
      }
    }
  }
}
